// !$*UTF8*$!
{
	archiveVersion = 1;
	classes = {
	};
	objectVersion = 46;
	objects = {

/* Begin PBXBuildFile section */
		27D71D6316A349AD00021245 /* UIKit.framework in Frameworks */ = {isa = PBXBuildFile; fileRef = 27D71D6216A349AD00021245 /* UIKit.framework */; };
		27D71D6516A349AD00021245 /* Foundation.framework in Frameworks */ = {isa = PBXBuildFile; fileRef = 27D71D6416A349AD00021245 /* Foundation.framework */; };
		27D71D6716A349AD00021245 /* CoreGraphics.framework in Frameworks */ = {isa = PBXBuildFile; fileRef = 27D71D6616A349AD00021245 /* CoreGraphics.framework */; };
		27D71D6D16A349AD00021245 /* InfoPlist.strings in Resources */ = {isa = PBXBuildFile; fileRef = 27D71D6B16A349AD00021245 /* InfoPlist.strings */; };
		27D71D6F16A349AD00021245 /* main.m in Sources */ = {isa = PBXBuildFile; fileRef = 27D71D6E16A349AD00021245 /* main.m */; };
		27D71D7316A349AD00021245 /* AppDelegate.m in Sources */ = {isa = PBXBuildFile; fileRef = 27D71D7216A349AD00021245 /* AppDelegate.m */; };
		27D71D7516A349AD00021245 /* Default.png in Resources */ = {isa = PBXBuildFile; fileRef = 27D71D7416A349AD00021245 /* Default.png */; };
		27D71D7716A349AD00021245 /* Default@2x.png in Resources */ = {isa = PBXBuildFile; fileRef = 27D71D7616A349AD00021245 /* Default@2x.png */; };
		27D71D7916A349AD00021245 /* Default-568h@2x.png in Resources */ = {isa = PBXBuildFile; fileRef = 27D71D7816A349AD00021245 /* Default-568h@2x.png */; };
		27D71D7C16A349AD00021245 /* MainStoryboard.storyboard in Resources */ = {isa = PBXBuildFile; fileRef = 27D71D7A16A349AD00021245 /* MainStoryboard.storyboard */; };
		27D71D8A16A349D500021245 /* ECSlidingViewController.m in Sources */ = {isa = PBXBuildFile; fileRef = 27D71D8716A349D500021245 /* ECSlidingViewController.m */; };
		27D71D8B16A349D500021245 /* UIImage+ImageWithUIView.m in Sources */ = {isa = PBXBuildFile; fileRef = 27D71D8916A349D500021245 /* UIImage+ImageWithUIView.m */; };
		27D71D8E16A349F000021245 /* InitViewController.m in Sources */ = {isa = PBXBuildFile; fileRef = 27D71D8D16A349F000021245 /* InitViewController.m */; };
		27D71D9116A34A0200021245 /* MenuViewController.m in Sources */ = {isa = PBXBuildFile; fileRef = 27D71D9016A34A0200021245 /* MenuViewController.m */; };
		27D71D9416A34A2200021245 /* MainViewController.m in Sources */ = {isa = PBXBuildFile; fileRef = 27D71D9316A34A2200021245 /* MainViewController.m */; };
		27D71D9716A34A2C00021245 /* SecondViewController.m in Sources */ = {isa = PBXBuildFile; fileRef = 27D71D9616A34A2C00021245 /* SecondViewController.m */; };
		27D71D9916A3525F00021245 /* menuButton@2x.png in Resources */ = {isa = PBXBuildFile; fileRef = 27D71D9816A3525F00021245 /* menuButton@2x.png */; };
		33706FC4182BE18200699CB6 /* topbar_knophome.png in Resources */ = {isa = PBXBuildFile; fileRef = 33706FC3182BE18200699CB6 /* topbar_knophome.png */; };
		E283F495182A51C3007CFC76 /* home_logo.png in Resources */ = {isa = PBXBuildFile; fileRef = E283F494182A51C3007CFC76 /* home_logo.png */; };
		E283F497182A52FC007CFC76 /* knopmenu@2x.png in Resources */ = {isa = PBXBuildFile; fileRef = E283F496182A52FC007CFC76 /* knopmenu@2x.png */; };
		FD0CACC3182FC720007E4DE8 /* menu_vandaag_knop.png in Resources */ = {isa = PBXBuildFile; fileRef = FD0CACC2182FC720007E4DE8 /* menu_vandaag_knop.png */; };
		FD0CACC5182FC72D007E4DE8 /* menu_database_knop.png in Resources */ = {isa = PBXBuildFile; fileRef = FD0CACC4182FC72D007E4DE8 /* menu_database_knop.png */; };
		FD0CACC7182FC740007E4DE8 /* menu_cirkel.png in Resources */ = {isa = PBXBuildFile; fileRef = FD0CACC6182FC740007E4DE8 /* menu_cirkel.png */; };
		FD0CACC9182FC77A007E4DE8 /* menu_afspraak_knop.png in Resources */ = {isa = PBXBuildFile; fileRef = FD0CACC8182FC77A007E4DE8 /* menu_afspraak_knop.png */; };
		FD0CACCD182FCB3E007E4DE8 /* topbar_knophome.png in Resources */ = {isa = PBXBuildFile; fileRef = FD0CACCC182FCB3E007E4DE8 /* topbar_knophome.png */; };
		FD7F550518325F2400C179F0 /* ThirdViewController.m in Sources */ = {isa = PBXBuildFile; fileRef = FD7F550418325F2400C179F0 /* ThirdViewController.m */; };
		FD7F7E631832910600595B33 /* libsqlite3.dylib in Frameworks */ = {isa = PBXBuildFile; fileRef = FD7F7E621832910600595B33 /* libsqlite3.dylib */; };
		FD7F7E6C183292F800595B33 /* DataController.m in Sources */ = {isa = PBXBuildFile; fileRef = FD7F7E6B183292F800595B33 /* DataController.m */; };
		FD7F7E701832C71400595B33 /* inventoryitems.m in Sources */ = {isa = PBXBuildFile; fileRef = FD7F7E6F1832C71400595B33 /* inventoryitems.m */; };
		FD7F7E731832C74600595B33 /* clients.m in Sources */ = {isa = PBXBuildFile; fileRef = FD7F7E721832C74600595B33 /* clients.m */; };
		FD7F7E791832C7F400595B33 /* inventoryperclientperday.m in Sources */ = {isa = PBXBuildFile; fileRef = FD7F7E781832C7F400595B33 /* inventoryperclientperday.m */; };
		FD7F7E7C1832C81C00595B33 /* workprojects.m in Sources */ = {isa = PBXBuildFile; fileRef = FD7F7E7B1832C81C00595B33 /* workprojects.m */; };
		FD7FEBCF183261B600AD4401 /* FourthViewController.m in Sources */ = {isa = PBXBuildFile; fileRef = FD7FEBCE183261B600AD4401 /* FourthViewController.m */; };
		FDAC41E5182FBF7A000154B7 /* menu_overzicht_knop.png in Resources */ = {isa = PBXBuildFile; fileRef = FDAC41E4182FBF7A000154B7 /* menu_overzicht_knop.png */; };
		FDAC41E7182FC273000154B7 /* menu_achtergrond.png in Resources */ = {isa = PBXBuildFile; fileRef = FDAC41E6182FC273000154B7 /* menu_achtergrond.png */; };
/* End PBXBuildFile section */

/* Begin PBXFileReference section */
		27D71D5E16A349AD00021245 /* W2DO.app */ = {isa = PBXFileReference; explicitFileType = wrapper.application; includeInIndex = 0; path = W2DO.app; sourceTree = BUILT_PRODUCTS_DIR; };
		27D71D6216A349AD00021245 /* UIKit.framework */ = {isa = PBXFileReference; lastKnownFileType = wrapper.framework; name = UIKit.framework; path = System/Library/Frameworks/UIKit.framework; sourceTree = SDKROOT; };
		27D71D6416A349AD00021245 /* Foundation.framework */ = {isa = PBXFileReference; lastKnownFileType = wrapper.framework; name = Foundation.framework; path = System/Library/Frameworks/Foundation.framework; sourceTree = SDKROOT; };
		27D71D6616A349AD00021245 /* CoreGraphics.framework */ = {isa = PBXFileReference; lastKnownFileType = wrapper.framework; name = CoreGraphics.framework; path = System/Library/Frameworks/CoreGraphics.framework; sourceTree = SDKROOT; };
		27D71D6A16A349AD00021245 /* W2DO-Info.plist */ = {isa = PBXFileReference; lastKnownFileType = text.plist.xml; path = "W2DO-Info.plist"; sourceTree = "<group>"; };
		27D71D6C16A349AD00021245 /* en */ = {isa = PBXFileReference; lastKnownFileType = text.plist.strings; name = en; path = en.lproj/InfoPlist.strings; sourceTree = "<group>"; };
		27D71D6E16A349AD00021245 /* main.m */ = {isa = PBXFileReference; lastKnownFileType = sourcecode.c.objc; path = main.m; sourceTree = "<group>"; };
		27D71D7016A349AD00021245 /* W2DO-Prefix.pch */ = {isa = PBXFileReference; lastKnownFileType = sourcecode.c.h; path = "W2DO-Prefix.pch"; sourceTree = "<group>"; };
		27D71D7116A349AD00021245 /* AppDelegate.h */ = {isa = PBXFileReference; lastKnownFileType = sourcecode.c.h; path = AppDelegate.h; sourceTree = "<group>"; };
		27D71D7216A349AD00021245 /* AppDelegate.m */ = {isa = PBXFileReference; lastKnownFileType = sourcecode.c.objc; path = AppDelegate.m; sourceTree = "<group>"; };
		27D71D7416A349AD00021245 /* Default.png */ = {isa = PBXFileReference; lastKnownFileType = image.png; path = Default.png; sourceTree = "<group>"; };
		27D71D7616A349AD00021245 /* Default@2x.png */ = {isa = PBXFileReference; lastKnownFileType = image.png; path = "Default@2x.png"; sourceTree = "<group>"; };
		27D71D7816A349AD00021245 /* Default-568h@2x.png */ = {isa = PBXFileReference; lastKnownFileType = image.png; path = "Default-568h@2x.png"; sourceTree = "<group>"; };
		27D71D7B16A349AD00021245 /* en */ = {isa = PBXFileReference; lastKnownFileType = file.storyboard; name = en; path = en.lproj/MainStoryboard.storyboard; sourceTree = "<group>"; };
		27D71D8616A349D500021245 /* ECSlidingViewController.h */ = {isa = PBXFileReference; fileEncoding = 4; lastKnownFileType = sourcecode.c.h; path = ECSlidingViewController.h; sourceTree = "<group>"; };
		27D71D8716A349D500021245 /* ECSlidingViewController.m */ = {isa = PBXFileReference; fileEncoding = 4; lastKnownFileType = sourcecode.c.objc; path = ECSlidingViewController.m; sourceTree = "<group>"; };
		27D71D8816A349D500021245 /* UIImage+ImageWithUIView.h */ = {isa = PBXFileReference; fileEncoding = 4; lastKnownFileType = sourcecode.c.h; path = "UIImage+ImageWithUIView.h"; sourceTree = "<group>"; };
		27D71D8916A349D500021245 /* UIImage+ImageWithUIView.m */ = {isa = PBXFileReference; fileEncoding = 4; lastKnownFileType = sourcecode.c.objc; path = "UIImage+ImageWithUIView.m"; sourceTree = "<group>"; };
		27D71D8C16A349F000021245 /* InitViewController.h */ = {isa = PBXFileReference; fileEncoding = 4; lastKnownFileType = sourcecode.c.h; path = InitViewController.h; sourceTree = "<group>"; };
		27D71D8D16A349F000021245 /* InitViewController.m */ = {isa = PBXFileReference; fileEncoding = 4; lastKnownFileType = sourcecode.c.objc; path = InitViewController.m; sourceTree = "<group>"; };
		27D71D8F16A34A0200021245 /* MenuViewController.h */ = {isa = PBXFileReference; fileEncoding = 4; lastKnownFileType = sourcecode.c.h; path = MenuViewController.h; sourceTree = "<group>"; };
		27D71D9016A34A0200021245 /* MenuViewController.m */ = {isa = PBXFileReference; fileEncoding = 4; lastKnownFileType = sourcecode.c.objc; path = MenuViewController.m; sourceTree = "<group>"; };
		27D71D9216A34A2200021245 /* MainViewController.h */ = {isa = PBXFileReference; fileEncoding = 4; lastKnownFileType = sourcecode.c.h; path = MainViewController.h; sourceTree = "<group>"; };
		27D71D9316A34A2200021245 /* MainViewController.m */ = {isa = PBXFileReference; fileEncoding = 4; lastKnownFileType = sourcecode.c.objc; path = MainViewController.m; sourceTree = "<group>"; };
		27D71D9516A34A2C00021245 /* SecondViewController.h */ = {isa = PBXFileReference; fileEncoding = 4; lastKnownFileType = sourcecode.c.h; path = SecondViewController.h; sourceTree = "<group>"; };
		27D71D9616A34A2C00021245 /* SecondViewController.m */ = {isa = PBXFileReference; fileEncoding = 4; lastKnownFileType = sourcecode.c.objc; path = SecondViewController.m; sourceTree = "<group>"; };
		27D71D9816A3525F00021245 /* menuButton@2x.png */ = {isa = PBXFileReference; lastKnownFileType = image.png; path = "menuButton@2x.png"; sourceTree = "<group>"; };
		33706FC3182BE18200699CB6 /* topbar_knophome.png */ = {isa = PBXFileReference; lastKnownFileType = image.png; path = topbar_knophome.png; sourceTree = "<group>"; };
		E283F494182A51C3007CFC76 /* home_logo.png */ = {isa = PBXFileReference; lastKnownFileType = image.png; name = home_logo.png; path = ../home_logo.png; sourceTree = "<group>"; };
		E283F496182A52FC007CFC76 /* knopmenu@2x.png */ = {isa = PBXFileReference; lastKnownFileType = image.png; path = "knopmenu@2x.png"; sourceTree = "<group>"; };
		FD0CACC2182FC720007E4DE8 /* menu_vandaag_knop.png */ = {isa = PBXFileReference; lastKnownFileType = image.png; path = menu_vandaag_knop.png; sourceTree = "<group>"; };
		FD0CACC4182FC72D007E4DE8 /* menu_database_knop.png */ = {isa = PBXFileReference; lastKnownFileType = image.png; path = menu_database_knop.png; sourceTree = "<group>"; };
		FD0CACC6182FC740007E4DE8 /* menu_cirkel.png */ = {isa = PBXFileReference; lastKnownFileType = image.png; path = menu_cirkel.png; sourceTree = "<group>"; };
		FD0CACC8182FC77A007E4DE8 /* menu_afspraak_knop.png */ = {isa = PBXFileReference; lastKnownFileType = image.png; path = menu_afspraak_knop.png; sourceTree = "<group>"; };
		FD0CACCC182FCB3E007E4DE8 /* topbar_knophome.png */ = {isa = PBXFileReference; lastKnownFileType = image.png; path = topbar_knophome.png; sourceTree = "<group>"; };
		FD7F550318325F2400C179F0 /* ThirdViewController.h */ = {isa = PBXFileReference; fileEncoding = 4; lastKnownFileType = sourcecode.c.h; path = ThirdViewController.h; sourceTree = "<group>"; };
		FD7F550418325F2400C179F0 /* ThirdViewController.m */ = {isa = PBXFileReference; fileEncoding = 4; lastKnownFileType = sourcecode.c.objc; path = ThirdViewController.m; sourceTree = "<group>"; };
		FD7F7E621832910600595B33 /* libsqlite3.dylib */ = {isa = PBXFileReference; lastKnownFileType = "compiled.mach-o.dylib"; name = libsqlite3.dylib; path = usr/lib/libsqlite3.dylib; sourceTree = SDKROOT; };
		FD7F7E6A183292F800595B33 /* DataController.h */ = {isa = PBXFileReference; fileEncoding = 4; lastKnownFileType = sourcecode.c.h; name = DataController.h; path = ../DataController.h; sourceTree = "<group>"; };
		FD7F7E6B183292F800595B33 /* DataController.m */ = {isa = PBXFileReference; fileEncoding = 4; lastKnownFileType = sourcecode.c.objc; name = DataController.m; path = ../DataController.m; sourceTree = "<group>"; };
		FD7F7E6E1832C71400595B33 /* inventoryitems.h */ = {isa = PBXFileReference; fileEncoding = 4; lastKnownFileType = sourcecode.c.h; path = inventoryitems.h; sourceTree = "<group>"; };
		FD7F7E6F1832C71400595B33 /* inventoryitems.m */ = {isa = PBXFileReference; fileEncoding = 4; lastKnownFileType = sourcecode.c.objc; path = inventoryitems.m; sourceTree = "<group>"; };
		FD7F7E711832C74600595B33 /* clients.h */ = {isa = PBXFileReference; fileEncoding = 4; lastKnownFileType = sourcecode.c.h; path = clients.h; sourceTree = "<group>"; };
		FD7F7E721832C74600595B33 /* clients.m */ = {isa = PBXFileReference; fileEncoding = 4; lastKnownFileType = sourcecode.c.objc; path = clients.m; sourceTree = "<group>"; };
		FD7F7E771832C7F400595B33 /* inventoryperclientperday.h */ = {isa = PBXFileReference; fileEncoding = 4; lastKnownFileType = sourcecode.c.h; path = inventoryperclientperday.h; sourceTree = "<group>"; };
		FD7F7E781832C7F400595B33 /* inventoryperclientperday.m */ = {isa = PBXFileReference; fileEncoding = 4; lastKnownFileType = sourcecode.c.objc; path = inventoryperclientperday.m; sourceTree = "<group>"; };
		FD7F7E7A1832C81C00595B33 /* workprojects.h */ = {isa = PBXFileReference; fileEncoding = 4; lastKnownFileType = sourcecode.c.h; path = workprojects.h; sourceTree = "<group>"; };
		FD7F7E7B1832C81C00595B33 /* workprojects.m */ = {isa = PBXFileReference; fileEncoding = 4; lastKnownFileType = sourcecode.c.objc; path = workprojects.m; sourceTree = "<group>"; };
		FD7FEBCD183261B600AD4401 /* FourthViewController.h */ = {isa = PBXFileReference; fileEncoding = 4; lastKnownFileType = sourcecode.c.h; path = FourthViewController.h; sourceTree = "<group>"; };
		FD7FEBCE183261B600AD4401 /* FourthViewController.m */ = {isa = PBXFileReference; fileEncoding = 4; lastKnownFileType = sourcecode.c.objc; path = FourthViewController.m; sourceTree = "<group>"; };
		FDAC41E4182FBF7A000154B7 /* menu_overzicht_knop.png */ = {isa = PBXFileReference; lastKnownFileType = image.png; path = menu_overzicht_knop.png; sourceTree = "<group>"; };
		FDAC41E6182FC273000154B7 /* menu_achtergrond.png */ = {isa = PBXFileReference; lastKnownFileType = image.png; path = menu_achtergrond.png; sourceTree = "<group>"; };
/* End PBXFileReference section */

/* Begin PBXFrameworksBuildPhase section */
		27D71D5B16A349AD00021245 /* Frameworks */ = {
			isa = PBXFrameworksBuildPhase;
			buildActionMask = 2147483647;
			files = (
				FD7F7E631832910600595B33 /* libsqlite3.dylib in Frameworks */,
				27D71D6316A349AD00021245 /* UIKit.framework in Frameworks */,
				27D71D6516A349AD00021245 /* Foundation.framework in Frameworks */,
				27D71D6716A349AD00021245 /* CoreGraphics.framework in Frameworks */,
			);
			runOnlyForDeploymentPostprocessing = 0;
		};
/* End PBXFrameworksBuildPhase section */

/* Begin PBXGroup section */
		27D71D5316A349AD00021245 = {
			isa = PBXGroup;
			children = (
				FD7F7E621832910600595B33 /* libsqlite3.dylib */,
				27D71D6816A349AD00021245 /* SlideMenu */,
				27D71D6116A349AD00021245 /* Frameworks */,
				27D71D5F16A349AD00021245 /* Products */,
			);
			sourceTree = "<group>";
		};
		27D71D5F16A349AD00021245 /* Products */ = {
			isa = PBXGroup;
			children = (
				27D71D5E16A349AD00021245 /* W2DO.app */,
			);
			name = Products;
			sourceTree = "<group>";
		};
		27D71D6116A349AD00021245 /* Frameworks */ = {
			isa = PBXGroup;
			children = (
				27D71D6216A349AD00021245 /* UIKit.framework */,
				27D71D6416A349AD00021245 /* Foundation.framework */,
				27D71D6616A349AD00021245 /* CoreGraphics.framework */,
			);
			name = Frameworks;
			sourceTree = "<group>";
		};
		27D71D6816A349AD00021245 /* SlideMenu */ = {
			isa = PBXGroup;
			children = (
				FD7F7E6D1832C6E400595B33 /* database */,
				FDAC41E3182FBDBE000154B7 /* images */,
				27D71D8516A349D500021245 /* ECSlidingViewController */,
				27D71D7116A349AD00021245 /* AppDelegate.h */,
				27D71D7216A349AD00021245 /* AppDelegate.m */,
				27D71D7A16A349AD00021245 /* MainStoryboard.storyboard */,
				27D71D6916A349AD00021245 /* Supporting Files */,
				27D71D8C16A349F000021245 /* InitViewController.h */,
				27D71D8D16A349F000021245 /* InitViewController.m */,
				27D71D8F16A34A0200021245 /* MenuViewController.h */,
				27D71D9016A34A0200021245 /* MenuViewController.m */,
				27D71D9216A34A2200021245 /* MainViewController.h */,
				27D71D9316A34A2200021245 /* MainViewController.m */,
				27D71D9516A34A2C00021245 /* SecondViewController.h */,
				27D71D9616A34A2C00021245 /* SecondViewController.m */,
				FD7F550318325F2400C179F0 /* ThirdViewController.h */,
				FD7F550418325F2400C179F0 /* ThirdViewController.m */,
				FD7FEBCD183261B600AD4401 /* FourthViewController.h */,
				FD7FEBCE183261B600AD4401 /* FourthViewController.m */,
			);
			path = SlideMenu;
			sourceTree = "<group>";
		};
		27D71D6916A349AD00021245 /* Supporting Files */ = {
			isa = PBXGroup;
			children = (
				27D71D6A16A349AD00021245 /* W2DO-Info.plist */,
				27D71D6B16A349AD00021245 /* InfoPlist.strings */,
				27D71D6E16A349AD00021245 /* main.m */,
				27D71D7016A349AD00021245 /* W2DO-Prefix.pch */,
				27D71D7416A349AD00021245 /* Default.png */,
				27D71D7616A349AD00021245 /* Default@2x.png */,
				27D71D7816A349AD00021245 /* Default-568h@2x.png */,
			);
			name = "Supporting Files";
			sourceTree = "<group>";
		};
		27D71D8516A349D500021245 /* ECSlidingViewController */ = {
			isa = PBXGroup;
			children = (
				27D71D8616A349D500021245 /* ECSlidingViewController.h */,
				27D71D8716A349D500021245 /* ECSlidingViewController.m */,
				27D71D8816A349D500021245 /* UIImage+ImageWithUIView.h */,
				27D71D8916A349D500021245 /* UIImage+ImageWithUIView.m */,
			);
			path = ECSlidingViewController;
			sourceTree = "<group>";
		};
		FD7F7E6D1832C6E400595B33 /* database */ = {
			isa = PBXGroup;
			children = (
				FD7F7E6A183292F800595B33 /* DataController.h */,
				FD7F7E6B183292F800595B33 /* DataController.m */,
				FD7F7E6E1832C71400595B33 /* inventoryitems.h */,
				FD7F7E6F1832C71400595B33 /* inventoryitems.m */,
				FD7F7E711832C74600595B33 /* clients.h */,
				FD7F7E721832C74600595B33 /* clients.m */,
				FD7F7E771832C7F400595B33 /* inventoryperclientperday.h */,
				FD7F7E781832C7F400595B33 /* inventoryperclientperday.m */,
				FD7F7E7A1832C81C00595B33 /* workprojects.h */,
				FD7F7E7B1832C81C00595B33 /* workprojects.m */,
			);
			name = database;
			sourceTree = "<group>";
		};
		FDAC41E3182FBDBE000154B7 /* images */ = {
			isa = PBXGroup;
			children = (
				FD0CACCC182FCB3E007E4DE8 /* topbar_knophome.png */,
				FD0CACC8182FC77A007E4DE8 /* menu_afspraak_knop.png */,
				FD0CACC6182FC740007E4DE8 /* menu_cirkel.png */,
				FD0CACC2182FC720007E4DE8 /* menu_vandaag_knop.png */,
				FD0CACC4182FC72D007E4DE8 /* menu_database_knop.png */,
				FDAC41E6182FC273000154B7 /* menu_achtergrond.png */,
				FDAC41E4182FBF7A000154B7 /* menu_overzicht_knop.png */,
				33706FC3182BE18200699CB6 /* topbar_knophome.png */,
				E283F496182A52FC007CFC76 /* knopmenu@2x.png */,
				E283F494182A51C3007CFC76 /* home_logo.png */,
				27D71D9816A3525F00021245 /* menuButton@2x.png */,
			);
			name = images;
			sourceTree = "<group>";
		};
/* End PBXGroup section */

/* Begin PBXNativeTarget section */
		27D71D5D16A349AD00021245 /* W2DO */ = {
			isa = PBXNativeTarget;
			buildConfigurationList = 27D71D8216A349AD00021245 /* Build configuration list for PBXNativeTarget "W2DO" */;
			buildPhases = (
				27D71D5A16A349AD00021245 /* Sources */,
				27D71D5B16A349AD00021245 /* Frameworks */,
				27D71D5C16A349AD00021245 /* Resources */,
			);
			buildRules = (
			);
			dependencies = (
			);
			name = W2DO;
			productName = SlideMenu;
			productReference = 27D71D5E16A349AD00021245 /* W2DO.app */;
			productType = "com.apple.product-type.application";
		};
/* End PBXNativeTarget section */

/* Begin PBXProject section */
		27D71D5516A349AD00021245 /* Project object */ = {
			isa = PBXProject;
			attributes = {
				LastUpgradeCheck = 0450;
				ORGANIZATIONNAME = "Indee Box LLC";
			};
			buildConfigurationList = 27D71D5816A349AD00021245 /* Build configuration list for PBXProject "W2DO" */;
			compatibilityVersion = "Xcode 3.2";
			developmentRegion = English;
			hasScannedForEncodings = 0;
			knownRegions = (
				en,
			);
			mainGroup = 27D71D5316A349AD00021245;
			productRefGroup = 27D71D5F16A349AD00021245 /* Products */;
			projectDirPath = "";
			projectRoot = "";
			targets = (
				27D71D5D16A349AD00021245 /* W2DO */,
			);
		};
/* End PBXProject section */

/* Begin PBXResourcesBuildPhase section */
		27D71D5C16A349AD00021245 /* Resources */ = {
			isa = PBXResourcesBuildPhase;
			buildActionMask = 2147483647;
			files = (
				27D71D6D16A349AD00021245 /* InfoPlist.strings in Resources */,
				27D71D7516A349AD00021245 /* Default.png in Resources */,
				27D71D7716A349AD00021245 /* Default@2x.png in Resources */,
				27D71D7916A349AD00021245 /* Default-568h@2x.png in Resources */,
				27D71D7C16A349AD00021245 /* MainStoryboard.storyboard in Resources */,
				27D71D9916A3525F00021245 /* menuButton@2x.png in Resources */,
				E283F495182A51C3007CFC76 /* home_logo.png in Resources */,
				E283F497182A52FC007CFC76 /* knopmenu@2x.png in Resources */,
				33706FC4182BE18200699CB6 /* topbar_knophome.png in Resources */,
				FDAC41E5182FBF7A000154B7 /* menu_overzicht_knop.png in Resources */,
				FDAC41E7182FC273000154B7 /* menu_achtergrond.png in Resources */,
				FD0CACC3182FC720007E4DE8 /* menu_vandaag_knop.png in Resources */,
				FD0CACC5182FC72D007E4DE8 /* menu_database_knop.png in Resources */,
				FD0CACC7182FC740007E4DE8 /* menu_cirkel.png in Resources */,
				FD0CACC9182FC77A007E4DE8 /* menu_afspraak_knop.png in Resources */,
				FD0CACCD182FCB3E007E4DE8 /* topbar_knophome.png in Resources */,
			);
			runOnlyForDeploymentPostprocessing = 0;
		};
/* End PBXResourcesBuildPhase section */

/* Begin PBXSourcesBuildPhase section */
		27D71D5A16A349AD00021245 /* Sources */ = {
			isa = PBXSourcesBuildPhase;
			buildActionMask = 2147483647;
			files = (
				27D71D6F16A349AD00021245 /* main.m in Sources */,
				27D71D7316A349AD00021245 /* AppDelegate.m in Sources */,
				27D71D8A16A349D500021245 /* ECSlidingViewController.m in Sources */,
				27D71D8B16A349D500021245 /* UIImage+ImageWithUIView.m in Sources */,
				27D71D8E16A349F000021245 /* InitViewController.m in Sources */,
				27D71D9116A34A0200021245 /* MenuViewController.m in Sources */,
				27D71D9416A34A2200021245 /* MainViewController.m in Sources */,
				27D71D9716A34A2C00021245 /* SecondViewController.m in Sources */,
				FD7F550518325F2400C179F0 /* ThirdViewController.m in Sources */,
				FD7FEBCF183261B600AD4401 /* FourthViewController.m in Sources */,
				FD7F7E6C183292F800595B33 /* DataController.m in Sources */,
				FD7F7E701832C71400595B33 /* inventoryitems.m in Sources */,
				FD7F7E731832C74600595B33 /* clients.m in Sources */,
				FD7F7E791832C7F400595B33 /* inventoryperclientperday.m in Sources */,
				FD7F7E7C1832C81C00595B33 /* workprojects.m in Sources */,
			);
			runOnlyForDeploymentPostprocessing = 0;
		};
/* End PBXSourcesBuildPhase section */

/* Begin PBXVariantGroup section */
		27D71D6B16A349AD00021245 /* InfoPlist.strings */ = {
			isa = PBXVariantGroup;
			children = (
				27D71D6C16A349AD00021245 /* en */,
			);
			name = InfoPlist.strings;
			sourceTree = "<group>";
		};
		27D71D7A16A349AD00021245 /* MainStoryboard.storyboard */ = {
			isa = PBXVariantGroup;
			children = (
				27D71D7B16A349AD00021245 /* en */,
			);
			name = MainStoryboard.storyboard;
			sourceTree = "<group>";
		};
/* End PBXVariantGroup section */

/* Begin XCBuildConfiguration section */
		27D71D8016A349AD00021245 /* Debug */ = {
			isa = XCBuildConfiguration;
			buildSettings = {
				ALWAYS_SEARCH_USER_PATHS = NO;
				CLANG_CXX_LANGUAGE_STANDARD = "gnu++0x";
				CLANG_CXX_LIBRARY = "libc++";
				CLANG_ENABLE_OBJC_ARC = YES;
				CLANG_WARN_EMPTY_BODY = YES;
				CLANG_WARN__DUPLICATE_METHOD_MATCH = YES;
				"CODE_SIGN_IDENTITY[sdk=iphoneos*]" = "iPhone Developer";
				COPY_PHASE_STRIP = NO;
				GCC_C_LANGUAGE_STANDARD = gnu99;
				GCC_DYNAMIC_NO_PIC = NO;
				GCC_OPTIMIZATION_LEVEL = 0;
				GCC_PREPROCESSOR_DEFINITIONS = (
					"DEBUG=1",
					"$(inherited)",
				);
				GCC_SYMBOLS_PRIVATE_EXTERN = NO;
				GCC_WARN_ABOUT_RETURN_TYPE = YES;
				GCC_WARN_UNINITIALIZED_AUTOS = YES;
				GCC_WARN_UNUSED_VARIABLE = YES;
				IPHONEOS_DEPLOYMENT_TARGET = 6.0;
				ONLY_ACTIVE_ARCH = YES;
				SDKROOT = iphoneos;
			};
			name = Debug;
		};
		27D71D8116A349AD00021245 /* Release */ = {
			isa = XCBuildConfiguration;
			buildSettings = {
				ALWAYS_SEARCH_USER_PATHS = NO;
				CLANG_CXX_LANGUAGE_STANDARD = "gnu++0x";
				CLANG_CXX_LIBRARY = "libc++";
				CLANG_ENABLE_OBJC_ARC = YES;
				CLANG_WARN_EMPTY_BODY = YES;
				CLANG_WARN__DUPLICATE_METHOD_MATCH = YES;
				"CODE_SIGN_IDENTITY[sdk=iphoneos*]" = "iPhone Developer";
				COPY_PHASE_STRIP = YES;
				GCC_C_LANGUAGE_STANDARD = gnu99;
				GCC_WARN_ABOUT_RETURN_TYPE = YES;
				GCC_WARN_UNINITIALIZED_AUTOS = YES;
				GCC_WARN_UNUSED_VARIABLE = YES;
				IPHONEOS_DEPLOYMENT_TARGET = 6.0;
				OTHER_CFLAGS = "-DNS_BLOCK_ASSERTIONS=1";
				SDKROOT = iphoneos;
				VALIDATE_PRODUCT = YES;
			};
			name = Release;
		};
		27D71D8316A349AD00021245 /* Debug */ = {
			isa = XCBuildConfiguration;
			buildSettings = {
				GCC_PRECOMPILE_PREFIX_HEADER = YES;
				GCC_PREFIX_HEADER = "SlideMenu/W2DO-Prefix.pch";
				INFOPLIST_FILE = "SlideMenu/W2DO-Info.plist";
				PRODUCT_NAME = W2DO;
				WRAPPER_EXTENSION = app;
			};
			name = Debug;
		};
		27D71D8416A349AD00021245 /* Release */ = {
			isa = XCBuildConfiguration;
			buildSettings = {
				GCC_PRECOMPILE_PREFIX_HEADER = YES;
				GCC_PREFIX_HEADER = "SlideMenu/W2DO-Prefix.pch";
				INFOPLIST_FILE = "SlideMenu/W2DO-Info.plist";
				PRODUCT_NAME = W2DO;
				WRAPPER_EXTENSION = app;
			};
			name = Release;
		};
/* End XCBuildConfiguration section */

/* Begin XCConfigurationList section */
		27D71D5816A349AD00021245 /* Build configuration list for PBXProject "W2DO" */ = {
			isa = XCConfigurationList;
			buildConfigurations = (
				27D71D8016A349AD00021245 /* Debug */,
				27D71D8116A349AD00021245 /* Release */,
			);
			defaultConfigurationIsVisible = 0;
			defaultConfigurationName = Release;
		};
		27D71D8216A349AD00021245 /* Build configuration list for PBXNativeTarget "W2DO" */ = {
			isa = XCConfigurationList;
			buildConfigurations = (
				27D71D8316A349AD00021245 /* Debug */,
				27D71D8416A349AD00021245 /* Release */,
			);
			defaultConfigurationIsVisible = 0;
			defaultConfigurationName = Release;
		};
/* End XCConfigurationList section */
	};
	rootObject = 27D71D5516A349AD00021245 /* Project object */;
}
